
Microsoft Visual Studio Solution File, Format Version 12.00
# Visual Studio Version 17
VisualStudioVersion = 17.8.34330.188
MinimumVisualStudioVersion = 10.0.40219.1
Project("{FAE04EC0-301F-11D3-BF4B-00C04F79EFBC}") = "pechka4.8", "pechka4.8\pechka4.8.csproj", "{960A377A-D3EF-41D7-A564-4A4C3B0543E3}"
EndProject
Project("{FAE04EC0-301F-11D3-BF4B-00C04F79EFBC}") = "FurnaceCore", "FurnaceCore\FurnaceCore.csproj", "{A1A06AEF-5992-4A16-97B2-EF38A3D94A9C}"
EndProject
Global
	GlobalSection(SolutionConfigurationPlatforms) = preSolution
		Debug|Any CPU = Debug|Any CPU
		Release|Any CPU = Release|Any CPU
	EndGlobalSection
	GlobalSection(ProjectConfigurationPlatforms) = postSolution
		{960A377A-D3EF-41D7-A564-4A4C3B0543E3}.Debug|Any CPU.ActiveCfg = Debug|Any CPU
		{960A377A-D3EF-41D7-A564-4A4C3B0543E3}.Debug|Any CPU.Build.0 = Debug|Any CPU
		{960A377A-D3EF-41D7-A564-4A4C3B0543E3}.Release|Any CPU.ActiveCfg = Release|Any CPU
		{960A377A-D3EF-41D7-A564-4A4C3B0543E3}.Release|Any CPU.Build.0 = Release|Any CPU
		{A1A06AEF-5992-4A16-97B2-EF38A3D94A9C}.Debug|Any CPU.ActiveCfg = Debug|Any CPU
		{A1A06AEF-5992-4A16-97B2-EF38A3D94A9C}.Debug|Any CPU.Build.0 = Debug|Any CPU
		{A1A06AEF-5992-4A16-97B2-EF38A3D94A9C}.Release|Any CPU.ActiveCfg = Release|Any CPU
		{A1A06AEF-5992-4A16-97B2-EF38A3D94A9C}.Release|Any CPU.Build.0 = Release|Any CPU
	EndGlobalSection
	GlobalSection(SolutionProperties) = preSolution
		HideSolutionNode = FALSE
	EndGlobalSection
	GlobalSection(ExtensibilityGlobals) = postSolution
		SolutionGuid = {5046CC40-5B85-4FCD-8E06-BD4202399940}
	EndGlobalSection
EndGlobal
